<Solution>
  <Folder Name="/Abstractions/">
    <Project Path="Abstractions/DomainExceptions/DomainExceptions.csproj" />
    <Project Path="Abstractions/EntityAbstraction/EntityAbstraction.csproj" />
    <Project Path="Abstractions/EntityAbstractionTests/EntityAbstractionTests.csproj" />
    <Project Path="Abstractions/FactoryAbstraction/FactoryAbstraction.csproj" />
  </Folder>
  <Folder Name="/IEnumerable/">
    <Project Path="IEnumerableExtensions/IEnumerableExtensions/IEnumerableExtensions.csproj" />
    <Project Path="IEnumerableExtensions/IEnumerableExtensionsTests/IEnumerableExtensionsTests.csproj" />
  </Folder>
  <Folder Name="/Outbox/">
    <Project Path="Outbox/Outbox.Abstraction/Outbox.Abstraction.csproj" />
  </Folder>
  <Folder Name="/_SolutionItems/">
    <File Path="../../.gitignore" />
    <File Path="../../LICENSE" />
    <File Path="../../README.md" />
    <File Path="Common.targets" />
    <File Path="Directory.Packages.props" />
  </Folder>
</Solution>
